
Microsoft Visual Studio Solution File, Format Version 12.00
# Visual Studio Version 16
VisualStudioVersion = 16.0.29709.97
MinimumVisualStudioVersion = 10.0.40219.1
Project("{FAE04EC0-301F-11D3-BF4B-00C04F79EFBC}") = "Future Value", "Future Value\Future Value.csproj", "{FB98A9BC-9B54-4C68-80A3-D13F36A5B90B}"
EndProject
Global
	GlobalSection(SolutionConfigurationPlatforms) = preSolution
		Debug|Any CPU = Debug|Any CPU
		Release|Any CPU = Release|Any CPU
	EndGlobalSection
	GlobalSection(ProjectConfigurationPlatforms) = postSolution
		{FB98A9BC-9B54-4C68-80A3-D13F36A5B90B}.Debug|Any CPU.ActiveCfg = Debug|Any CPU
		{FB98A9BC-9B54-4C68-80A3-D13F36A5B90B}.Debug|Any CPU.Build.0 = Debug|Any CPU
		{FB98A9BC-9B54-4C68-80A3-D13F36A5B90B}.Release|Any CPU.ActiveCfg = Release|Any CPU
		{FB98A9BC-9B54-4C68-80A3-D13F36A5B90B}.Release|Any CPU.Build.0 = Release|Any CPU
	EndGlobalSection
	GlobalSection(SolutionProperties) = preSolution
		HideSolutionNode = FALSE
	EndGlobalSection
	GlobalSection(ExtensibilityGlobals) = postSolution
		SolutionGuid = {46C609AE-4DFA-436A-873C-8ECEAE3AA7EA}
	EndGlobalSection
EndGlobal
